// !$*UTF8*$!
{
	archiveVersion = 1;
	classes = {
	};
	objectVersion = 48;
	objects = {

/* Begin PBXBuildFile section */
		7A2CAD1C1F9DF3E700B2816C /* AppDelegate.swift in Sources */ = {isa = PBXBuildFile; fileRef = 7A2CAD1B1F9DF3E700B2816C /* AppDelegate.swift */; };
		7A2CAD1E1F9DF3E700B2816C /* ViewController.swift in Sources */ = {isa = PBXBuildFile; fileRef = 7A2CAD1D1F9DF3E700B2816C /* ViewController.swift */; };
		7A2CAD211F9DF3E700B2816C /* Main.storyboard in Resources */ = {isa = PBXBuildFile; fileRef = 7A2CAD1F1F9DF3E700B2816C /* Main.storyboard */; };
		7A2CAD231F9DF3E700B2816C /* Assets.xcassets in Resources */ = {isa = PBXBuildFile; fileRef = 7A2CAD221F9DF3E700B2816C /* Assets.xcassets */; };
		7A2CAD261F9DF3E700B2816C /* LaunchScreen.storyboard in Resources */ = {isa = PBXBuildFile; fileRef = 7A2CAD241F9DF3E700B2816C /* LaunchScreen.storyboard */; };
		7A2CAD311F9DF3E700B2816C /* GitTutorialTestingTests.swift in Sources */ = {isa = PBXBuildFile; fileRef = 7A2CAD301F9DF3E700B2816C /* GitTutorialTestingTests.swift */; };
		7A2CAD3C1F9DF3E700B2816C /* GitTutorialTestingUITests.swift in Sources */ = {isa = PBXBuildFile; fileRef = 7A2CAD3B1F9DF3E700B2816C /* GitTutorialTestingUITests.swift */; };
/* End PBXBuildFile section */

/* Begin PBXContainerItemProxy section */
		7A2CAD2D1F9DF3E700B2816C /* PBXContainerItemProxy */ = {
			isa = PBXContainerItemProxy;
			containerPortal = 7A2CAD101F9DF3E700B2816C /* Project object */;
			proxyType = 1;
			remoteGlobalIDString = 7A2CAD171F9DF3E700B2816C;
			remoteInfo = GitTutorialTesting;
		};
		7A2CAD381F9DF3E700B2816C /* PBXContainerItemProxy */ = {
			isa = PBXContainerItemProxy;
			containerPortal = 7A2CAD101F9DF3E700B2816C /* Project object */;
			proxyType = 1;
			remoteGlobalIDString = 7A2CAD171F9DF3E700B2816C;
			remoteInfo = GitTutorialTesting;
		};
/* End PBXContainerItemProxy section */

/* Begin PBXFileReference section */
		7A2CAD181F9DF3E700B2816C /* GitTutorialTesting.app */ = {isa = PBXFileReference; explicitFileType = wrapper.application; includeInIndex = 0; path = GitTutorialTesting.app; sourceTree = BUILT_PRODUCTS_DIR; };
		7A2CAD1B1F9DF3E700B2816C /* AppDelegate.swift */ = {isa = PBXFileReference; lastKnownFileType = sourcecode.swift; path = AppDelegate.swift; sourceTree = "<group>"; };
		7A2CAD1D1F9DF3E700B2816C /* ViewController.swift */ = {isa = PBXFileReference; lastKnownFileType = sourcecode.swift; path = ViewController.swift; sourceTree = "<group>"; };
		7A2CAD201F9DF3E700B2816C /* Base */ = {isa = PBXFileReference; lastKnownFileType = file.storyboard; name = Base; path = Base.lproj/Main.storyboard; sourceTree = "<group>"; };
		7A2CAD221F9DF3E700B2816C /* Assets.xcassets */ = {isa = PBXFileReference; lastKnownFileType = folder.assetcatalog; path = Assets.xcassets; sourceTree = "<group>"; };
		7A2CAD251F9DF3E700B2816C /* Base */ = {isa = PBXFileReference; lastKnownFileType = file.storyboard; name = Base; path = Base.lproj/LaunchScreen.storyboard; sourceTree = "<group>"; };
		7A2CAD271F9DF3E700B2816C /* Info.plist */ = {isa = PBXFileReference; lastKnownFileType = text.plist.xml; path = Info.plist; sourceTree = "<group>"; };
		7A2CAD2C1F9DF3E700B2816C /* GitTutorialTestingTests.xctest */ = {isa = PBXFileReference; explicitFileType = wrapper.cfbundle; includeInIndex = 0; path = GitTutorialTestingTests.xctest; sourceTree = BUILT_PRODUCTS_DIR; };
		7A2CAD301F9DF3E700B2816C /* GitTutorialTestingTests.swift */ = {isa = PBXFileReference; lastKnownFileType = sourcecode.swift; path = GitTutorialTestingTests.swift; sourceTree = "<group>"; };
		7A2CAD321F9DF3E700B2816C /* Info.plist */ = {isa = PBXFileReference; lastKnownFileType = text.plist.xml; path = Info.plist; sourceTree = "<group>"; };
		7A2CAD371F9DF3E700B2816C /* GitTutorialTestingUITests.xctest */ = {isa = PBXFileReference; explicitFileType = wrapper.cfbundle; includeInIndex = 0; path = GitTutorialTestingUITests.xctest; sourceTree = BUILT_PRODUCTS_DIR; };
		7A2CAD3B1F9DF3E700B2816C /* GitTutorialTestingUITests.swift */ = {isa = PBXFileReference; lastKnownFileType = sourcecode.swift; path = GitTutorialTestingUITests.swift; sourceTree = "<group>"; };
		7A2CAD3D1F9DF3E700B2816C /* Info.plist */ = {isa = PBXFileReference; lastKnownFileType = text.plist.xml; path = Info.plist; sourceTree = "<group>"; };
/* End PBXFileReference section */

/* Begin PBXFrameworksBuildPhase section */
		7A2CAD151F9DF3E700B2816C /* Frameworks */ = {
			isa = PBXFrameworksBuildPhase;
			buildActionMask = 2147483647;
			files = (
			);
			runOnlyForDeploymentPostprocessing = 0;
		};
		7A2CAD291F9DF3E700B2816C /* Frameworks */ = {
			isa = PBXFrameworksBuildPhase;
			buildActionMask = 2147483647;
			files = (
			);
			runOnlyForDeploymentPostprocessing = 0;
		};
		7A2CAD341F9DF3E700B2816C /* Frameworks */ = {
			isa = PBXFrameworksBuildPhase;
			buildActionMask = 2147483647;
			files = (
			);
			runOnlyForDeploymentPostprocessing = 0;
		};
/* End PBXFrameworksBuildPhase section */

/* Begin PBXGroup section */
		7A2CAD0F1F9DF3E700B2816C = {
			isa = PBXGroup;
			children = (
				7A2CAD1A1F9DF3E700B2816C /* GitTutorialTesting */,
				7A2CAD2F1F9DF3E700B2816C /* GitTutorialTestingTests */,
				7A2CAD3A1F9DF3E700B2816C /* GitTutorialTestingUITests */,
				7A2CAD191F9DF3E700B2816C /* Products */,
			);
			sourceTree = "<group>";
		};
		7A2CAD191F9DF3E700B2816C /* Products */ = {
			isa = PBXGroup;
			children = (
				7A2CAD181F9DF3E700B2816C /* GitTutorialTesting.app */,
				7A2CAD2C1F9DF3E700B2816C /* GitTutorialTestingTests.xctest */,
				7A2CAD371F9DF3E700B2816C /* GitTutorialTestingUITests.xctest */,
			);
			name = Products;
			sourceTree = "<group>";
		};
		7A2CAD1A1F9DF3E700B2816C /* GitTutorialTesting */ = {
			isa = PBXGroup;
			children = (
				7A2CAD1B1F9DF3E700B2816C /* AppDelegate.swift */,
				7A2CAD1D1F9DF3E700B2816C /* ViewController.swift */,
				7A2CAD1F1F9DF3E700B2816C /* Main.storyboard */,
				7A2CAD221F9DF3E700B2816C /* Assets.xcassets */,
				7A2CAD241F9DF3E700B2816C /* LaunchScreen.storyboard */,
				7A2CAD271F9DF3E700B2816C /* Info.plist */,
			);
			path = GitTutorialTesting;
			sourceTree = "<group>";
		};
		7A2CAD2F1F9DF3E700B2816C /* GitTutorialTestingTests */ = {
			isa = PBXGroup;
			children = (
				7A2CAD301F9DF3E700B2816C /* GitTutorialTestingTests.swift */,
				7A2CAD321F9DF3E700B2816C /* Info.plist */,
			);
			path = GitTutorialTestingTests;
			sourceTree = "<group>";
		};
		7A2CAD3A1F9DF3E700B2816C /* GitTutorialTestingUITests */ = {
			isa = PBXGroup;
			children = (
				7A2CAD3B1F9DF3E700B2816C /* GitTutorialTestingUITests.swift */,
				7A2CAD3D1F9DF3E700B2816C /* Info.plist */,
			);
			path = GitTutorialTestingUITests;
			sourceTree = "<group>";
		};
/* End PBXGroup section */

/* Begin PBXNativeTarget section */
		7A2CAD171F9DF3E700B2816C /* GitTutorialTesting */ = {
			isa = PBXNativeTarget;
			buildConfigurationList = 7A2CAD401F9DF3E700B2816C /* Build configuration list for PBXNativeTarget "GitTutorialTesting" */;
			buildPhases = (
				7A2CAD141F9DF3E700B2816C /* Sources */,
				7A2CAD151F9DF3E700B2816C /* Frameworks */,
				7A2CAD161F9DF3E700B2816C /* Resources */,
			);
			buildRules = (
			);
			dependencies = (
			);
			name = GitTutorialTesting;
			productName = GitTutorialTesting;
			productReference = 7A2CAD181F9DF3E700B2816C /* GitTutorialTesting.app */;
			productType = "com.apple.product-type.application";
		};
		7A2CAD2B1F9DF3E700B2816C /* GitTutorialTestingTests */ = {
			isa = PBXNativeTarget;
			buildConfigurationList = 7A2CAD431F9DF3E700B2816C /* Build configuration list for PBXNativeTarget "GitTutorialTestingTests" */;
			buildPhases = (
				7A2CAD281F9DF3E700B2816C /* Sources */,
				7A2CAD291F9DF3E700B2816C /* Frameworks */,
				7A2CAD2A1F9DF3E700B2816C /* Resources */,
			);
			buildRules = (
			);
			dependencies = (
				7A2CAD2E1F9DF3E700B2816C /* PBXTargetDependency */,
			);
			name = GitTutorialTestingTests;
			productName = GitTutorialTestingTests;
			productReference = 7A2CAD2C1F9DF3E700B2816C /* GitTutorialTestingTests.xctest */;
			productType = "com.apple.product-type.bundle.unit-test";
		};
		7A2CAD361F9DF3E700B2816C /* GitTutorialTestingUITests */ = {
			isa = PBXNativeTarget;
			buildConfigurationList = 7A2CAD461F9DF3E700B2816C /* Build configuration list for PBXNativeTarget "GitTutorialTestingUITests" */;
			buildPhases = (
				7A2CAD331F9DF3E700B2816C /* Sources */,
				7A2CAD341F9DF3E700B2816C /* Frameworks */,
				7A2CAD351F9DF3E700B2816C /* Resources */,
			);
			buildRules = (
			);
			dependencies = (
				7A2CAD391F9DF3E700B2816C /* PBXTargetDependency */,
			);
			name = GitTutorialTestingUITests;
			productName = GitTutorialTestingUITests;
			productReference = 7A2CAD371F9DF3E700B2816C /* GitTutorialTestingUITests.xctest */;
			productType = "com.apple.product-type.bundle.ui-testing";
		};
/* End PBXNativeTarget section */

/* Begin PBXProject section */
		7A2CAD101F9DF3E700B2816C /* Project object */ = {
			isa = PBXProject;
			attributes = {
				LastSwiftUpdateCheck = 0900;
				LastUpgradeCheck = 0900;
				ORGANIZATIONNAME = Kim;
				TargetAttributes = {
					7A2CAD171F9DF3E700B2816C = {
						CreatedOnToolsVersion = 9.0;
						ProvisioningStyle = Automatic;
					};
					7A2CAD2B1F9DF3E700B2816C = {
						CreatedOnToolsVersion = 9.0;
						ProvisioningStyle = Automatic;
						TestTargetID = 7A2CAD171F9DF3E700B2816C;
					};
					7A2CAD361F9DF3E700B2816C = {
						CreatedOnToolsVersion = 9.0;
						ProvisioningStyle = Automatic;
						TestTargetID = 7A2CAD171F9DF3E700B2816C;
					};
				};
			};
			buildConfigurationList = 7A2CAD131F9DF3E700B2816C /* Build configuration list for PBXProject "GitTutorialTesting" */;
			compatibilityVersion = "Xcode 8.0";
			developmentRegion = en;
			hasScannedForEncodings = 0;
			knownRegions = (
				en,
				Base,
			);
			mainGroup = 7A2CAD0F1F9DF3E700B2816C;
			productRefGroup = 7A2CAD191F9DF3E700B2816C /* Products */;
			projectDirPath = "";
			projectRoot = "";
			targets = (
				7A2CAD171F9DF3E700B2816C /* GitTutorialTesting */,
				7A2CAD2B1F9DF3E700B2816C /* GitTutorialTestingTests */,
				7A2CAD361F9DF3E700B2816C /* GitTutorialTestingUITests */,
			);
		};
/* End PBXProject section */

/* Begin PBXResourcesBuildPhase section */
		7A2CAD161F9DF3E700B2816C /* Resources */ = {
			isa = PBXResourcesBuildPhase;
			buildActionMask = 2147483647;
			files = (
				7A2CAD261F9DF3E700B2816C /* LaunchScreen.storyboard in Resources */,
				7A2CAD231F9DF3E700B2816C /* Assets.xcassets in Resources */,
				7A2CAD211F9DF3E700B2816C /* Main.storyboard in Resources */,
			);
			runOnlyForDeploymentPostprocessing = 0;
		};
		7A2CAD2A1F9DF3E700B2816C /* Resources */ = {
			isa = PBXResourcesBuildPhase;
			buildActionMask = 2147483647;
			files = (
			);
			runOnlyForDeploymentPostprocessing = 0;
		};
		7A2CAD351F9DF3E700B2816C /* Resources */ = {
			isa = PBXResourcesBuildPhase;
			buildActionMask = 2147483647;
			files = (
			);
			runOnlyForDeploymentPostprocessing = 0;
		};
/* End PBXResourcesBuildPhase section */

/* Begin PBXSourcesBuildPhase section */
		7A2CAD141F9DF3E700B2816C /* Sources */ = {
			isa = PBXSourcesBuildPhase;
			buildActionMask = 2147483647;
			files = (
				7A2CAD1E1F9DF3E700B2816C /* ViewController.swift in Sources */,
				7A2CAD1C1F9DF3E700B2816C /* AppDelegate.swift in Sources */,
			);
			runOnlyForDeploymentPostprocessing = 0;
		};
		7A2CAD281F9DF3E700B2816C /* Sources */ = {
			isa = PBXSourcesBuildPhase;
			buildActionMask = 2147483647;
			files = (
				7A2CAD311F9DF3E700B2816C /* GitTutorialTestingTests.swift in Sources */,
			);
			runOnlyForDeploymentPostprocessing = 0;
		};
		7A2CAD331F9DF3E700B2816C /* Sources */ = {
			isa = PBXSourcesBuildPhase;
			buildActionMask = 2147483647;
			files = (
				7A2CAD3C1F9DF3E700B2816C /* GitTutorialTestingUITests.swift in Sources */,
			);
			runOnlyForDeploymentPostprocessing = 0;
		};
/* End PBXSourcesBuildPhase section */

/* Begin PBXTargetDependency section */
		7A2CAD2E1F9DF3E700B2816C /* PBXTargetDependency */ = {
			isa = PBXTargetDependency;
			target = 7A2CAD171F9DF3E700B2816C /* GitTutorialTesting */;
			targetProxy = 7A2CAD2D1F9DF3E700B2816C /* PBXContainerItemProxy */;
		};
		7A2CAD391F9DF3E700B2816C /* PBXTargetDependency */ = {
			isa = PBXTargetDependency;
			target = 7A2CAD171F9DF3E700B2816C /* GitTutorialTesting */;
			targetProxy = 7A2CAD381F9DF3E700B2816C /* PBXContainerItemProxy */;
		};
/* End PBXTargetDependency section */

/* Begin PBXVariantGroup section */
		7A2CAD1F1F9DF3E700B2816C /* Main.storyboard */ = {
			isa = PBXVariantGroup;
			children = (
				7A2CAD201F9DF3E700B2816C /* Base */,
			);
			name = Main.storyboard;
			sourceTree = "<group>";
		};
		7A2CAD241F9DF3E700B2816C /* LaunchScreen.storyboard */ = {
			isa = PBXVariantGroup;
			children = (
				7A2CAD251F9DF3E700B2816C /* Base */,
			);
			name = LaunchScreen.storyboard;
			sourceTree = "<group>";
		};
/* End PBXVariantGroup section */

/* Begin XCBuildConfiguration section */
		7A2CAD3E1F9DF3E700B2816C /* Debug */ = {
			isa = XCBuildConfiguration;
			buildSettings = {
				ALWAYS_SEARCH_USER_PATHS = NO;
				CLANG_ANALYZER_NONNULL = YES;
				CLANG_ANALYZER_NUMBER_OBJECT_CONVERSION = YES_AGGRESSIVE;
				CLANG_CXX_LANGUAGE_STANDARD = "gnu++14";
				CLANG_CXX_LIBRARY = "libc++";
				CLANG_ENABLE_MODULES = YES;
				CLANG_ENABLE_OBJC_ARC = YES;
				CLANG_WARN_BLOCK_CAPTURE_AUTORELEASING = YES;
				CLANG_WARN_BOOL_CONVERSION = YES;
				CLANG_WARN_COMMA = YES;
				CLANG_WARN_CONSTANT_CONVERSION = YES;
				CLANG_WARN_DIRECT_OBJC_ISA_USAGE = YES_ERROR;
				CLANG_WARN_DOCUMENTATION_COMMENTS = YES;
				CLANG_WARN_EMPTY_BODY = YES;
				CLANG_WARN_ENUM_CONVERSION = YES;
				CLANG_WARN_INFINITE_RECURSION = YES;
				CLANG_WARN_INT_CONVERSION = YES;
				CLANG_WARN_NON_LITERAL_NULL_CONVERSION = YES;
				CLANG_WARN_OBJC_LITERAL_CONVERSION = YES;
				CLANG_WARN_OBJC_ROOT_CLASS = YES_ERROR;
				CLANG_WARN_RANGE_LOOP_ANALYSIS = YES;
				CLANG_WARN_STRICT_PROTOTYPES = YES;
				CLANG_WARN_SUSPICIOUS_MOVE = YES;
				CLANG_WARN_UNGUARDED_AVAILABILITY = YES_AGGRESSIVE;
				CLANG_WARN_UNREACHABLE_CODE = YES;
				CLANG_WARN__DUPLICATE_METHOD_MATCH = YES;
				CODE_SIGN_IDENTITY = "iPhone Developer";
				COPY_PHASE_STRIP = NO;
				DEBUG_INFORMATION_FORMAT = dwarf;
				ENABLE_STRICT_OBJC_MSGSEND = YES;
				ENABLE_TESTABILITY = YES;
				GCC_C_LANGUAGE_STANDARD = gnu11;
				GCC_DYNAMIC_NO_PIC = NO;
				GCC_NO_COMMON_BLOCKS = YES;
				GCC_OPTIMIZATION_LEVEL = 0;
				GCC_PREPROCESSOR_DEFINITIONS = (
					"DEBUG=1",
					"$(inherited)",
				);
				GCC_WARN_64_TO_32_BIT_CONVERSION = YES;
				GCC_WARN_ABOUT_RETURN_TYPE = YES_ERROR;
				GCC_WARN_UNDECLARED_SELECTOR = YES;
				GCC_WARN_UNINITIALIZED_AUTOS = YES_AGGRESSIVE;
				GCC_WARN_UNUSED_FUNCTION = YES;
				GCC_WARN_UNUSED_VARIABLE = YES;
				IPHONEOS_DEPLOYMENT_TARGET = 11.0;
				MTL_ENABLE_DEBUG_INFO = YES;
				ONLY_ACTIVE_ARCH = YES;
				SDKROOT = iphoneos;
				SWIFT_ACTIVE_COMPILATION_CONDITIONS = DEBUG;
				SWIFT_OPTIMIZATION_LEVEL = "-Onone";
			};
			name = Debug;
		};
		7A2CAD3F1F9DF3E700B2816C /* Release */ = {
			isa = XCBuildConfiguration;
			buildSettings = {
				ALWAYS_SEARCH_USER_PATHS = NO;
				CLANG_ANALYZER_NONNULL = YES;
				CLANG_ANALYZER_NUMBER_OBJECT_CONVERSION = YES_AGGRESSIVE;
				CLANG_CXX_LANGUAGE_STANDARD = "gnu++14";
				CLANG_CXX_LIBRARY = "libc++";
				CLANG_ENABLE_MODULES = YES;
				CLANG_ENABLE_OBJC_ARC = YES;
				CLANG_WARN_BLOCK_CAPTURE_AUTORELEASING = YES;
				CLANG_WARN_BOOL_CONVERSION = YES;
				CLANG_WARN_COMMA = YES;
				CLANG_WARN_CONSTANT_CONVERSION = YES;
				CLANG_WARN_DIRECT_OBJC_ISA_USAGE = YES_ERROR;
				CLANG_WARN_DOCUMENTATION_COMMENTS = YES;
				CLANG_WARN_EMPTY_BODY = YES;
				CLANG_WARN_ENUM_CONVERSION = YES;
				CLANG_WARN_INFINITE_RECURSION = YES;
				CLANG_WARN_INT_CONVERSION = YES;
				CLANG_WARN_NON_LITERAL_NULL_CONVERSION = YES;
				CLANG_WARN_OBJC_LITERAL_CONVERSION = YES;
				CLANG_WARN_OBJC_ROOT_CLASS = YES_ERROR;
				CLANG_WARN_RANGE_LOOP_ANALYSIS = YES;
				CLANG_WARN_STRICT_PROTOTYPES = YES;
				CLANG_WARN_SUSPICIOUS_MOVE = YES;
				CLANG_WARN_UNGUARDED_AVAILABILITY = YES_AGGRESSIVE;
				CLANG_WARN_UNREACHABLE_CODE = YES;
				CLANG_WARN__DUPLICATE_METHOD_MATCH = YES;
				CODE_SIGN_IDENTITY = "iPhone Developer";
				COPY_PHASE_STRIP = NO;
				DEBUG_INFORMATION_FORMAT = "dwarf-with-dsym";
				ENABLE_NS_ASSERTIONS = NO;
				ENABLE_STRICT_OBJC_MSGSEND = YES;
				GCC_C_LANGUAGE_STANDARD = gnu11;
				GCC_NO_COMMON_BLOCKS = YES;
				GCC_WARN_64_TO_32_BIT_CONVERSION = YES;
				GCC_WARN_ABOUT_RETURN_TYPE = YES_ERROR;
				GCC_WARN_UNDECLARED_SELECTOR = YES;
				GCC_WARN_UNINITIALIZED_AUTOS = YES_AGGRESSIVE;
				GCC_WARN_UNUSED_FUNCTION = YES;
				GCC_WARN_UNUSED_VARIABLE = YES;
				IPHONEOS_DEPLOYMENT_TARGET = 11.0;
				MTL_ENABLE_DEBUG_INFO = NO;
				SDKROOT = iphoneos;
				SWIFT_OPTIMIZATION_LEVEL = "-Owholemodule";
				VALIDATE_PRODUCT = YES;
			};
			name = Release;
		};
		7A2CAD411F9DF3E700B2816C /* Debug */ = {
			isa = XCBuildConfiguration;
			buildSettings = {
				ASSETCATALOG_COMPILER_APPICON_NAME = AppIcon;
				CODE_SIGN_STYLE = Automatic;
				DEVELOPMENT_TEAM = 8WL86X38T3;
				INFOPLIST_FILE = GitTutorialTesting/Info.plist;
				LD_RUNPATH_SEARCH_PATHS = "$(inherited) @executable_path/Frameworks";
				PRODUCT_BUNDLE_IDENTIFIER = com.kim.example.GitTutorialTesting;
				PRODUCT_NAME = "$(TARGET_NAME)";
				SWIFT_VERSION = 4.0;
				TARGETED_DEVICE_FAMILY = "1,2";
			};
			name = Debug;
		};
		7A2CAD421F9DF3E700B2816C /* Release */ = {
			isa = XCBuildConfiguration;
			buildSettings = {
				ASSETCATALOG_COMPILER_APPICON_NAME = AppIcon;
				CODE_SIGN_STYLE = Automatic;
				DEVELOPMENT_TEAM = 8WL86X38T3;
				INFOPLIST_FILE = GitTutorialTesting/Info.plist;
				LD_RUNPATH_SEARCH_PATHS = "$(inherited) @executable_path/Frameworks";
				PRODUCT_BUNDLE_IDENTIFIER = com.kim.example.GitTutorialTesting;
				PRODUCT_NAME = "$(TARGET_NAME)";
				SWIFT_VERSION = 4.0;
				TARGETED_DEVICE_FAMILY = "1,2";
			};
			name = Release;
		};
		7A2CAD441F9DF3E700B2816C /* Debug */ = {
			isa = XCBuildConfiguration;
			buildSettings = {
				ALWAYS_EMBED_SWIFT_STANDARD_LIBRARIES = YES;
				BUNDLE_LOADER = "$(TEST_HOST)";
				CODE_SIGN_STYLE = Automatic;
				INFOPLIST_FILE = GitTutorialTestingTests/Info.plist;
				LD_RUNPATH_SEARCH_PATHS = "$(inherited) @executable_path/Frameworks @loader_path/Frameworks";
				PRODUCT_BUNDLE_IDENTIFIER = com.kim.example.GitTutorialTestingTests;
				PRODUCT_NAME = "$(TARGET_NAME)";
				SWIFT_VERSION = 4.0;
				TARGETED_DEVICE_FAMILY = "1,2";
				TEST_HOST = "$(BUILT_PRODUCTS_DIR)/GitTutorialTesting.app/GitTutorialTesting";
			};
			name = Debug;
		};
		7A2CAD451F9DF3E700B2816C /* Release */ = {
			isa = XCBuildConfiguration;
			buildSettings = {
				ALWAYS_EMBED_SWIFT_STANDARD_LIBRARIES = YES;
				BUNDLE_LOADER = "$(TEST_HOST)";
				CODE_SIGN_STYLE = Automatic;
				INFOPLIST_FILE = GitTutorialTestingTests/Info.plist;
				LD_RUNPATH_SEARCH_PATHS = "$(inherited) @executable_path/Frameworks @loader_path/Frameworks";
				PRODUCT_BUNDLE_IDENTIFIER = com.kim.example.GitTutorialTestingTests;
				PRODUCT_NAME = "$(TARGET_NAME)";
				SWIFT_VERSION = 4.0;
				TARGETED_DEVICE_FAMILY = "1,2";
				TEST_HOST = "$(BUILT_PRODUCTS_DIR)/GitTutorialTesting.app/GitTutorialTesting";
			};
			name = Release;
		};
		7A2CAD471F9DF3E700B2816C /* Debug */ = {
			isa = XCBuildConfiguration;
			buildSettings = {
				ALWAYS_EMBED_SWIFT_STANDARD_LIBRARIES = YES;
				CODE_SIGN_STYLE = Automatic;
				INFOPLIST_FILE = GitTutorialTestingUITests/Info.plist;
				LD_RUNPATH_SEARCH_PATHS = "$(inherited) @executable_path/Frameworks @loader_path/Frameworks";
				PRODUCT_BUNDLE_IDENTIFIER = com.kim.example.GitTutorialTestingUITests;
				PRODUCT_NAME = "$(TARGET_NAME)";
				SWIFT_VERSION = 4.0;
				TARGETED_DEVICE_FAMILY = "1,2";
				TEST_TARGET_NAME = GitTutorialTesting;
			};
			name = Debug;
		};
		7A2CAD481F9DF3E700B2816C /* Release */ = {
			isa = XCBuildConfiguration;
			buildSettings = {
				ALWAYS_EMBED_SWIFT_STANDARD_LIBRARIES = YES;
				CODE_SIGN_STYLE = Automatic;
				INFOPLIST_FILE = GitTutorialTestingUITests/Info.plist;
				LD_RUNPATH_SEARCH_PATHS = "$(inherited) @executable_path/Frameworks @loader_path/Frameworks";
				PRODUCT_BUNDLE_IDENTIFIER = com.kim.example.GitTutorialTestingUITests;
				PRODUCT_NAME = "$(TARGET_NAME)";
				SWIFT_VERSION = 4.0;
				TARGETED_DEVICE_FAMILY = "1,2";
				TEST_TARGET_NAME = GitTutorialTesting;
			};
			name = Release;
		};
/* End XCBuildConfiguration section */

/* Begin XCConfigurationList section */
		7A2CAD131F9DF3E700B2816C /* Build configuration list for PBXProject "GitTutorialTesting" */ = {
			isa = XCConfigurationList;
			buildConfigurations = (
				7A2CAD3E1F9DF3E700B2816C /* Debug */,
				7A2CAD3F1F9DF3E700B2816C /* Release */,
			);
			defaultConfigurationIsVisible = 0;
			defaultConfigurationName = Release;
		};
		7A2CAD401F9DF3E700B2816C /* Build configuration list for PBXNativeTarget "GitTutorialTesting" */ = {
			isa = XCConfigurationList;
			buildConfigurations = (
				7A2CAD411F9DF3E700B2816C /* Debug */,
				7A2CAD421F9DF3E700B2816C /* Release */,
			);
			defaultConfigurationIsVisible = 0;
			defaultConfigurationName = Release;
		};
		7A2CAD431F9DF3E700B2816C /* Build configuration list for PBXNativeTarget "GitTutorialTestingTests" */ = {
			isa = XCConfigurationList;
			buildConfigurations = (
				7A2CAD441F9DF3E700B2816C /* Debug */,
				7A2CAD451F9DF3E700B2816C /* Release */,
			);
			defaultConfigurationIsVisible = 0;
			defaultConfigurationName = Release;
		};
		7A2CAD461F9DF3E700B2816C /* Build configuration list for PBXNativeTarget "GitTutorialTestingUITests" */ = {
			isa = XCConfigurationList;
			buildConfigurations = (
				7A2CAD471F9DF3E700B2816C /* Debug */,
				7A2CAD481F9DF3E700B2816C /* Release */,
			);
			defaultConfigurationIsVisible = 0;
			defaultConfigurationName = Release;
		};
/* End XCConfigurationList section */
	};
	rootObject = 7A2CAD101F9DF3E700B2816C /* Project object */;
}
